
Microsoft Visual Studio Solution File, Format Version 11.00
# Visual Studio 2010
Project("{FAE04EC0-301F-11D3-BF4B-00C04F79EFBC}") = "DynamicBlurringForLocomotions v1", "Assembly-CSharp.csproj", "{27B8738E-4C98-0309-33D8-9976C514C7A9}"
EndProject
Project("{FAE04EC0-301F-11D3-BF4B-00C04F79EFBC}") = "DynamicBlurringForLocomotions v1", "SteamVR.csproj", "{3817DFCC-F5F8-8EFF-01F4-7F1F6C44056A}"
EndProject
Project("{FAE04EC0-301F-11D3-BF4B-00C04F79EFBC}") = "DynamicBlurringForLocomotions v1", "Assembly-CSharp-firstpass.csproj", "{95251D7D-B844-1F1C-1B97-79F66644C221}"
EndProject
Project("{FAE04EC0-301F-11D3-BF4B-00C04F79EFBC}") = "DynamicBlurringForLocomotions v1", "SteamVR_Actions.csproj", "{05600D73-D166-1488-BAE0-DC00EC48E9C3}"
EndProject
Project("{FAE04EC0-301F-11D3-BF4B-00C04F79EFBC}") = "DynamicBlurringForLocomotions v1", "Assembly-CSharp-Editor.csproj", "{3002F2D3-0C1C-1494-172C-1CF258F243FA}"
EndProject
Project("{FAE04EC0-301F-11D3-BF4B-00C04F79EFBC}") = "DynamicBlurringForLocomotions v1", "Assembly-CSharp-Editor-firstpass.csproj", "{185396B3-A251-3BCA-BD8B-15B81D98F02C}"
EndProject
Project("{FAE04EC0-301F-11D3-BF4B-00C04F79EFBC}") = "DynamicBlurringForLocomotions v1", "SteamVR_Editor.csproj", "{476279BD-E4CC-7D00-A7D4-6B3F51EBB1B8}"
EndProject
Project("{FAE04EC0-301F-11D3-BF4B-00C04F79EFBC}") = "DynamicBlurringForLocomotions v1", "SteamVR_Input_Editor.csproj", "{B2601D49-2504-36AA-3A3E-868851B5FF31}"
EndProject
Project("{FAE04EC0-301F-11D3-BF4B-00C04F79EFBC}") = "DynamicBlurringForLocomotions v1", "SteamVR_Windows_EditorHelper.csproj", "{7882440D-407C-6F6B-FC85-A5AE68DF494F}"
EndProject
Global
	GlobalSection(SolutionConfigurationPlatforms) = preSolution
		Debug|Any CPU = Debug|Any CPU
		Release|Any CPU = Release|Any CPU
	EndGlobalSection
	GlobalSection(ProjectConfigurationPlatforms) = postSolution
		{27B8738E-4C98-0309-33D8-9976C514C7A9}.Debug|Any CPU.ActiveCfg = Debug|Any CPU
		{27B8738E-4C98-0309-33D8-9976C514C7A9}.Debug|Any CPU.Build.0 = Debug|Any CPU
		{27B8738E-4C98-0309-33D8-9976C514C7A9}.Release|Any CPU.ActiveCfg = Release|Any CPU
		{27B8738E-4C98-0309-33D8-9976C514C7A9}.Release|Any CPU.Build.0 = Release|Any CPU
		{3817DFCC-F5F8-8EFF-01F4-7F1F6C44056A}.Debug|Any CPU.ActiveCfg = Debug|Any CPU
		{3817DFCC-F5F8-8EFF-01F4-7F1F6C44056A}.Debug|Any CPU.Build.0 = Debug|Any CPU
		{3817DFCC-F5F8-8EFF-01F4-7F1F6C44056A}.Release|Any CPU.ActiveCfg = Release|Any CPU
		{3817DFCC-F5F8-8EFF-01F4-7F1F6C44056A}.Release|Any CPU.Build.0 = Release|Any CPU
		{95251D7D-B844-1F1C-1B97-79F66644C221}.Debug|Any CPU.ActiveCfg = Debug|Any CPU
		{95251D7D-B844-1F1C-1B97-79F66644C221}.Debug|Any CPU.Build.0 = Debug|Any CPU
		{95251D7D-B844-1F1C-1B97-79F66644C221}.Release|Any CPU.ActiveCfg = Release|Any CPU
		{95251D7D-B844-1F1C-1B97-79F66644C221}.Release|Any CPU.Build.0 = Release|Any CPU
		{05600D73-D166-1488-BAE0-DC00EC48E9C3}.Debug|Any CPU.ActiveCfg = Debug|Any CPU
		{05600D73-D166-1488-BAE0-DC00EC48E9C3}.Debug|Any CPU.Build.0 = Debug|Any CPU
		{05600D73-D166-1488-BAE0-DC00EC48E9C3}.Release|Any CPU.ActiveCfg = Release|Any CPU
		{05600D73-D166-1488-BAE0-DC00EC48E9C3}.Release|Any CPU.Build.0 = Release|Any CPU
		{3002F2D3-0C1C-1494-172C-1CF258F243FA}.Debug|Any CPU.ActiveCfg = Debug|Any CPU
		{3002F2D3-0C1C-1494-172C-1CF258F243FA}.Debug|Any CPU.Build.0 = Debug|Any CPU
		{3002F2D3-0C1C-1494-172C-1CF258F243FA}.Release|Any CPU.ActiveCfg = Release|Any CPU
		{3002F2D3-0C1C-1494-172C-1CF258F243FA}.Release|Any CPU.Build.0 = Release|Any CPU
		{185396B3-A251-3BCA-BD8B-15B81D98F02C}.Debug|Any CPU.ActiveCfg = Debug|Any CPU
		{185396B3-A251-3BCA-BD8B-15B81D98F02C}.Debug|Any CPU.Build.0 = Debug|Any CPU
		{185396B3-A251-3BCA-BD8B-15B81D98F02C}.Release|Any CPU.ActiveCfg = Release|Any CPU
		{185396B3-A251-3BCA-BD8B-15B81D98F02C}.Release|Any CPU.Build.0 = Release|Any CPU
		{476279BD-E4CC-7D00-A7D4-6B3F51EBB1B8}.Debug|Any CPU.ActiveCfg = Debug|Any CPU
		{476279BD-E4CC-7D00-A7D4-6B3F51EBB1B8}.Debug|Any CPU.Build.0 = Debug|Any CPU
		{476279BD-E4CC-7D00-A7D4-6B3F51EBB1B8}.Release|Any CPU.ActiveCfg = Release|Any CPU
		{476279BD-E4CC-7D00-A7D4-6B3F51EBB1B8}.Release|Any CPU.Build.0 = Release|Any CPU
		{B2601D49-2504-36AA-3A3E-868851B5FF31}.Debug|Any CPU.ActiveCfg = Debug|Any CPU
		{B2601D49-2504-36AA-3A3E-868851B5FF31}.Debug|Any CPU.Build.0 = Debug|Any CPU
		{B2601D49-2504-36AA-3A3E-868851B5FF31}.Release|Any CPU.ActiveCfg = Release|Any CPU
		{B2601D49-2504-36AA-3A3E-868851B5FF31}.Release|Any CPU.Build.0 = Release|Any CPU
		{7882440D-407C-6F6B-FC85-A5AE68DF494F}.Debug|Any CPU.ActiveCfg = Debug|Any CPU
		{7882440D-407C-6F6B-FC85-A5AE68DF494F}.Debug|Any CPU.Build.0 = Debug|Any CPU
		{7882440D-407C-6F6B-FC85-A5AE68DF494F}.Release|Any CPU.ActiveCfg = Release|Any CPU
		{7882440D-407C-6F6B-FC85-A5AE68DF494F}.Release|Any CPU.Build.0 = Release|Any CPU
	EndGlobalSection
	GlobalSection(SolutionProperties) = preSolution
		HideSolutionNode = FALSE
	EndGlobalSection
	GlobalSection(MonoDevelopProperties) = preSolution
		StartupItem = Assembly-CSharp.csproj
	EndGlobalSection
EndGlobal
