
Microsoft Visual Studio Solution File, Format Version 11.00
# Visual Studio 2010
Project("{FAE04EC0-301F-11D3-BF4B-00C04F79EFBC}") = "FoV Restrictor Navigation", "Assembly-CSharp.csproj", "{F7AF8B51-0888-18DA-797D-A5390CDD123E}"
EndProject
Project("{FAE04EC0-301F-11D3-BF4B-00C04F79EFBC}") = "FoV Restrictor Navigation", "Assembly-CSharp-firstpass.csproj", "{06B767EF-A426-2E46-AB9C-86D38A122BC6}"
EndProject
Project("{FAE04EC0-301F-11D3-BF4B-00C04F79EFBC}") = "FoV Restrictor Navigation", "Assembly-CSharp-Editor.csproj", "{2EB68A77-CBBD-D6BE-817A-234039E108C0}"
EndProject
Project("{FAE04EC0-301F-11D3-BF4B-00C04F79EFBC}") = "FoV Restrictor Navigation", "Assembly-CSharp-Editor-firstpass.csproj", "{DB7774AC-9018-5D9A-17FD-96B60CE16659}"
EndProject
Global
	GlobalSection(SolutionConfigurationPlatforms) = preSolution
		Debug|Any CPU = Debug|Any CPU
		Release|Any CPU = Release|Any CPU
	EndGlobalSection
	GlobalSection(ProjectConfigurationPlatforms) = postSolution
		{F7AF8B51-0888-18DA-797D-A5390CDD123E}.Debug|Any CPU.ActiveCfg = Debug|Any CPU
		{F7AF8B51-0888-18DA-797D-A5390CDD123E}.Debug|Any CPU.Build.0 = Debug|Any CPU
		{F7AF8B51-0888-18DA-797D-A5390CDD123E}.Release|Any CPU.ActiveCfg = Release|Any CPU
		{F7AF8B51-0888-18DA-797D-A5390CDD123E}.Release|Any CPU.Build.0 = Release|Any CPU
		{06B767EF-A426-2E46-AB9C-86D38A122BC6}.Debug|Any CPU.ActiveCfg = Debug|Any CPU
		{06B767EF-A426-2E46-AB9C-86D38A122BC6}.Debug|Any CPU.Build.0 = Debug|Any CPU
		{06B767EF-A426-2E46-AB9C-86D38A122BC6}.Release|Any CPU.ActiveCfg = Release|Any CPU
		{06B767EF-A426-2E46-AB9C-86D38A122BC6}.Release|Any CPU.Build.0 = Release|Any CPU
		{2EB68A77-CBBD-D6BE-817A-234039E108C0}.Debug|Any CPU.ActiveCfg = Debug|Any CPU
		{2EB68A77-CBBD-D6BE-817A-234039E108C0}.Debug|Any CPU.Build.0 = Debug|Any CPU
		{2EB68A77-CBBD-D6BE-817A-234039E108C0}.Release|Any CPU.ActiveCfg = Release|Any CPU
		{2EB68A77-CBBD-D6BE-817A-234039E108C0}.Release|Any CPU.Build.0 = Release|Any CPU
		{DB7774AC-9018-5D9A-17FD-96B60CE16659}.Debug|Any CPU.ActiveCfg = Debug|Any CPU
		{DB7774AC-9018-5D9A-17FD-96B60CE16659}.Debug|Any CPU.Build.0 = Debug|Any CPU
		{DB7774AC-9018-5D9A-17FD-96B60CE16659}.Release|Any CPU.ActiveCfg = Release|Any CPU
		{DB7774AC-9018-5D9A-17FD-96B60CE16659}.Release|Any CPU.Build.0 = Release|Any CPU
	EndGlobalSection
	GlobalSection(SolutionProperties) = preSolution
		HideSolutionNode = FALSE
	EndGlobalSection
	GlobalSection(MonoDevelopProperties) = preSolution
		StartupItem = Assembly-CSharp.csproj
	EndGlobalSection
EndGlobal
