
Microsoft Visual Studio Solution File, Format Version 11.00
# Visual Studio 2010
Project("{FAE04EC0-301F-11D3-BF4B-00C04F79EFBC}") = "FoV Navigation (Locomotion)", "Assembly-CSharp.csproj", "{15BB340C-515C-03A3-D98E-A16E1C6FC210}"
EndProject
Project("{FAE04EC0-301F-11D3-BF4B-00C04F79EFBC}") = "FoV Navigation (Locomotion)", "Assembly-CSharp-firstpass.csproj", "{E02C9785-E3F8-D2CF-C574-71568075FA4C}"
EndProject
Project("{FAE04EC0-301F-11D3-BF4B-00C04F79EFBC}") = "FoV Navigation (Locomotion)", "Assembly-CSharp-Editor.csproj", "{0E93D3E6-5A7B-768F-0F02-E2AC6D70758A}"
EndProject
Project("{FAE04EC0-301F-11D3-BF4B-00C04F79EFBC}") = "FoV Navigation (Locomotion)", "Assembly-CSharp-Editor-firstpass.csproj", "{5239EEA0-31BD-4208-AB0D-C33E36F3F923}"
EndProject
Global
	GlobalSection(SolutionConfigurationPlatforms) = preSolution
		Debug|Any CPU = Debug|Any CPU
		Release|Any CPU = Release|Any CPU
	EndGlobalSection
	GlobalSection(ProjectConfigurationPlatforms) = postSolution
		{15BB340C-515C-03A3-D98E-A16E1C6FC210}.Debug|Any CPU.ActiveCfg = Debug|Any CPU
		{15BB340C-515C-03A3-D98E-A16E1C6FC210}.Debug|Any CPU.Build.0 = Debug|Any CPU
		{15BB340C-515C-03A3-D98E-A16E1C6FC210}.Release|Any CPU.ActiveCfg = Release|Any CPU
		{15BB340C-515C-03A3-D98E-A16E1C6FC210}.Release|Any CPU.Build.0 = Release|Any CPU
		{E02C9785-E3F8-D2CF-C574-71568075FA4C}.Debug|Any CPU.ActiveCfg = Debug|Any CPU
		{E02C9785-E3F8-D2CF-C574-71568075FA4C}.Debug|Any CPU.Build.0 = Debug|Any CPU
		{E02C9785-E3F8-D2CF-C574-71568075FA4C}.Release|Any CPU.ActiveCfg = Release|Any CPU
		{E02C9785-E3F8-D2CF-C574-71568075FA4C}.Release|Any CPU.Build.0 = Release|Any CPU
		{0E93D3E6-5A7B-768F-0F02-E2AC6D70758A}.Debug|Any CPU.ActiveCfg = Debug|Any CPU
		{0E93D3E6-5A7B-768F-0F02-E2AC6D70758A}.Debug|Any CPU.Build.0 = Debug|Any CPU
		{0E93D3E6-5A7B-768F-0F02-E2AC6D70758A}.Release|Any CPU.ActiveCfg = Release|Any CPU
		{0E93D3E6-5A7B-768F-0F02-E2AC6D70758A}.Release|Any CPU.Build.0 = Release|Any CPU
		{5239EEA0-31BD-4208-AB0D-C33E36F3F923}.Debug|Any CPU.ActiveCfg = Debug|Any CPU
		{5239EEA0-31BD-4208-AB0D-C33E36F3F923}.Debug|Any CPU.Build.0 = Debug|Any CPU
		{5239EEA0-31BD-4208-AB0D-C33E36F3F923}.Release|Any CPU.ActiveCfg = Release|Any CPU
		{5239EEA0-31BD-4208-AB0D-C33E36F3F923}.Release|Any CPU.Build.0 = Release|Any CPU
	EndGlobalSection
	GlobalSection(SolutionProperties) = preSolution
		HideSolutionNode = FALSE
	EndGlobalSection
	GlobalSection(MonoDevelopProperties) = preSolution
		StartupItem = Assembly-CSharp.csproj
	EndGlobalSection
EndGlobal
